
Microsoft Visual Studio Solution File, Format Version 12.00
# Visual Studio Version 16
VisualStudioVersion = 16.0.33328.57
MinimumVisualStudioVersion = 10.0.40219.1
Project("{FAE04EC0-301F-11D3-BF4B-00C04F79EFBC}") = "ctuOnlineBookstore", "ctuOnlineBookstore.csproj", "{C1356538-10E5-451A-AA68-BB141BBF1C0E}"
EndProject
Global
	GlobalSection(SolutionConfigurationPlatforms) = preSolution
		Debug|Any CPU = Debug|Any CPU
		Release|Any CPU = Release|Any CPU
	EndGlobalSection
	GlobalSection(ProjectConfigurationPlatforms) = postSolution
		{C1356538-10E5-451A-AA68-BB141BBF1C0E}.Debug|Any CPU.ActiveCfg = Debug|Any CPU
		{C1356538-10E5-451A-AA68-BB141BBF1C0E}.Debug|Any CPU.Build.0 = Debug|Any CPU
		{C1356538-10E5-451A-AA68-BB141BBF1C0E}.Release|Any CPU.ActiveCfg = Release|Any CPU
		{C1356538-10E5-451A-AA68-BB141BBF1C0E}.Release|Any CPU.Build.0 = Release|Any CPU
	EndGlobalSection
	GlobalSection(SolutionProperties) = preSolution
		HideSolutionNode = FALSE
	EndGlobalSection
	GlobalSection(ExtensibilityGlobals) = postSolution
		SolutionGuid = {C5AF6BA7-60B5-4046-AFB2-5E6E531362E8}
	EndGlobalSection
EndGlobal
